
Microsoft Visual Studio Solution File, Format Version 12.00
# Visual Studio 15
VisualStudioVersion = 15.0.28307.136
MinimumVisualStudioVersion = 10.0.40219.1
Project("{FAE04EC0-301F-11D3-BF4B-00C04F79EFBC}") = "TreeviewTabControlSkeleton.Ui", "src\TreeviewTabControlSkeleton.Ui\TreeviewTabControlSkeleton.Ui.csproj", "{1287979D-B1E1-444E-BED7-AF0835F435E9}"
EndProject
Project("{FAE04EC0-301F-11D3-BF4B-00C04F79EFBC}") = "TreeviewTabControlSkeleton.WpfInfrastructure", "src\TreeviewTabControlSkeleton.WpfInfrastructure\TreeviewTabControlSkeleton.WpfInfrastructure.csproj", "{DEB84A25-04B7-4CC2-89BF-4586BCA6EAB7}"
EndProject
Global
	GlobalSection(SolutionConfigurationPlatforms) = preSolution
		Debug|Any CPU = Debug|Any CPU
		Release|Any CPU = Release|Any CPU
	EndGlobalSection
	GlobalSection(ProjectConfigurationPlatforms) = postSolution
		{1287979D-B1E1-444E-BED7-AF0835F435E9}.Debug|Any CPU.ActiveCfg = Debug|Any CPU
		{1287979D-B1E1-444E-BED7-AF0835F435E9}.Debug|Any CPU.Build.0 = Debug|Any CPU
		{1287979D-B1E1-444E-BED7-AF0835F435E9}.Release|Any CPU.ActiveCfg = Release|Any CPU
		{1287979D-B1E1-444E-BED7-AF0835F435E9}.Release|Any CPU.Build.0 = Release|Any CPU
		{DEB84A25-04B7-4CC2-89BF-4586BCA6EAB7}.Debug|Any CPU.ActiveCfg = Debug|Any CPU
		{DEB84A25-04B7-4CC2-89BF-4586BCA6EAB7}.Debug|Any CPU.Build.0 = Debug|Any CPU
		{DEB84A25-04B7-4CC2-89BF-4586BCA6EAB7}.Release|Any CPU.ActiveCfg = Release|Any CPU
		{DEB84A25-04B7-4CC2-89BF-4586BCA6EAB7}.Release|Any CPU.Build.0 = Release|Any CPU
	EndGlobalSection
	GlobalSection(SolutionProperties) = preSolution
		HideSolutionNode = FALSE
	EndGlobalSection
	GlobalSection(ExtensibilityGlobals) = postSolution
		SolutionGuid = {3D3FFB82-7910-4DF1-87A1-0C5FE9147E60}
	EndGlobalSection
EndGlobal
